
Microsoft Visual Studio Solution File, Format Version 12.00
# Visual Studio 15
VisualStudioVersion = 15.0.28307.645
MinimumVisualStudioVersion = 10.0.40219.1
Project("{FAE04EC0-301F-11D3-BF4B-00C04F79EFBC}") = "WebApplication1", "WebApplication1\WebApplication1.csproj", "{2EDF6CDA-3A63-44C7-9596-B518F934CF12}"
EndProject
Global
	GlobalSection(SolutionConfigurationPlatforms) = preSolution
		Debug|Any CPU = Debug|Any CPU
		Release|Any CPU = Release|Any CPU
	EndGlobalSection
	GlobalSection(ProjectConfigurationPlatforms) = postSolution
		{2EDF6CDA-3A63-44C7-9596-B518F934CF12}.Debug|Any CPU.ActiveCfg = Debug|Any CPU
		{2EDF6CDA-3A63-44C7-9596-B518F934CF12}.Debug|Any CPU.Build.0 = Debug|Any CPU
		{2EDF6CDA-3A63-44C7-9596-B518F934CF12}.Release|Any CPU.ActiveCfg = Release|Any CPU
		{2EDF6CDA-3A63-44C7-9596-B518F934CF12}.Release|Any CPU.Build.0 = Release|Any CPU
	EndGlobalSection
	GlobalSection(SolutionProperties) = preSolution
		HideSolutionNode = FALSE
	EndGlobalSection
	GlobalSection(ExtensibilityGlobals) = postSolution
		SolutionGuid = {E6A8097A-5A8C-4F60-9353-38950929C2AF}
	EndGlobalSection
EndGlobal
